// !$*UTF8*$!
{
	archiveVersion = 1;
	classes = {
	};
	objectVersion = 50;
	objects = {

/* Begin PBXBuildFile section */
		F4B5D2F226B6F7F200BAB95F /* AppDelegate.swift in Sources */ = {isa = PBXBuildFile; fileRef = F4B5D2F126B6F7F200BAB95F /* AppDelegate.swift */; };
		F4B5D2F426B6F7F200BAB95F /* SceneDelegate.swift in Sources */ = {isa = PBXBuildFile; fileRef = F4B5D2F326B6F7F200BAB95F /* SceneDelegate.swift */; };
		F4B5D2F626B6F7F200BAB95F /* ViewController.swift in Sources */ = {isa = PBXBuildFile; fileRef = F4B5D2F526B6F7F200BAB95F /* ViewController.swift */; };
		F4B5D2F926B6F7F200BAB95F /* Main.storyboard in Resources */ = {isa = PBXBuildFile; fileRef = F4B5D2F726B6F7F200BAB95F /* Main.storyboard */; };
		F4B5D2FB26B6F7F500BAB95F /* Assets.xcassets in Resources */ = {isa = PBXBuildFile; fileRef = F4B5D2FA26B6F7F500BAB95F /* Assets.xcassets */; };
		F4B5D2FE26B6F7F500BAB95F /* LaunchScreen.storyboard in Resources */ = {isa = PBXBuildFile; fileRef = F4B5D2FC26B6F7F500BAB95F /* LaunchScreen.storyboard */; };
/* End PBXBuildFile section */

/* Begin PBXFileReference section */
		F4B5D2EE26B6F7F200BAB95F /* Шаги к цели!.app */ = {isa = PBXFileReference; explicitFileType = wrapper.application; includeInIndex = 0; path = "Шаги к цели!.app"; sourceTree = BUILT_PRODUCTS_DIR; };
		F4B5D2F126B6F7F200BAB95F /* AppDelegate.swift */ = {isa = PBXFileReference; lastKnownFileType = sourcecode.swift; path = AppDelegate.swift; sourceTree = "<group>"; };
		F4B5D2F326B6F7F200BAB95F /* SceneDelegate.swift */ = {isa = PBXFileReference; lastKnownFileType = sourcecode.swift; path = SceneDelegate.swift; sourceTree = "<group>"; };
		F4B5D2F526B6F7F200BAB95F /* ViewController.swift */ = {isa = PBXFileReference; lastKnownFileType = sourcecode.swift; path = ViewController.swift; sourceTree = "<group>"; };
		F4B5D2F826B6F7F200BAB95F /* Base */ = {isa = PBXFileReference; lastKnownFileType = file.storyboard; name = Base; path = Base.lproj/Main.storyboard; sourceTree = "<group>"; };
		F4B5D2FA26B6F7F500BAB95F /* Assets.xcassets */ = {isa = PBXFileReference; lastKnownFileType = folder.assetcatalog; path = Assets.xcassets; sourceTree = "<group>"; };
		F4B5D2FD26B6F7F500BAB95F /* Base */ = {isa = PBXFileReference; lastKnownFileType = file.storyboard; name = Base; path = Base.lproj/LaunchScreen.storyboard; sourceTree = "<group>"; };
		F4B5D2FF26B6F7F500BAB95F /* Info.plist */ = {isa = PBXFileReference; lastKnownFileType = text.plist.xml; path = Info.plist; sourceTree = "<group>"; };
/* End PBXFileReference section */

/* Begin PBXFrameworksBuildPhase section */
		F4B5D2EB26B6F7F200BAB95F /* Frameworks */ = {
			isa = PBXFrameworksBuildPhase;
			buildActionMask = 2147483647;
			files = (
			);
			runOnlyForDeploymentPostprocessing = 0;
		};
/* End PBXFrameworksBuildPhase section */

/* Begin PBXGroup section */
		F4B5D2E526B6F7F200BAB95F = {
			isa = PBXGroup;
			children = (
				F4B5D2F026B6F7F200BAB95F /* Шаги к цели! */,
				F4B5D2EF26B6F7F200BAB95F /* Products */,
			);
			sourceTree = "<group>";
		};
		F4B5D2EF26B6F7F200BAB95F /* Products */ = {
			isa = PBXGroup;
			children = (
				F4B5D2EE26B6F7F200BAB95F /* Шаги к цели!.app */,
			);
			name = Products;
			sourceTree = "<group>";
		};
		F4B5D2F026B6F7F200BAB95F /* Шаги к цели! */ = {
			isa = PBXGroup;
			children = (
				F4B5D30726B6F84A00BAB95F /* View Controller */,
				F4B5D30826B6F85E00BAB95F /* StoryBoard */,
				F4B5D30626B6F83B00BAB95F /* Models */,
				F4B5D2FA26B6F7F500BAB95F /* Assets.xcassets */,
				F4B5D30526B6F81600BAB95F /* Support */,
			);
			path = "Шаги к цели!";
			sourceTree = "<group>";
		};
		F4B5D30526B6F81600BAB95F /* Support */ = {
			isa = PBXGroup;
			children = (
				F4B5D2FF26B6F7F500BAB95F /* Info.plist */,
				F4B5D2F326B6F7F200BAB95F /* SceneDelegate.swift */,
				F4B5D2F126B6F7F200BAB95F /* AppDelegate.swift */,
			);
			path = Support;
			sourceTree = "<group>";
		};
		F4B5D30626B6F83B00BAB95F /* Models */ = {
			isa = PBXGroup;
			children = (
			);
			path = Models;
			sourceTree = "<group>";
		};
		F4B5D30726B6F84A00BAB95F /* View Controller */ = {
			isa = PBXGroup;
			children = (
				F4B5D2F526B6F7F200BAB95F /* ViewController.swift */,
			);
			path = "View Controller";
			sourceTree = "<group>";
		};
		F4B5D30826B6F85E00BAB95F /* StoryBoard */ = {
			isa = PBXGroup;
			children = (
				F4B5D2F726B6F7F200BAB95F /* Main.storyboard */,
				F4B5D2FC26B6F7F500BAB95F /* LaunchScreen.storyboard */,
			);
			path = StoryBoard;
			sourceTree = "<group>";
		};
/* End PBXGroup section */

/* Begin PBXNativeTarget section */
		F4B5D2ED26B6F7F200BAB95F /* Шаги к цели! */ = {
			isa = PBXNativeTarget;
			buildConfigurationList = F4B5D30226B6F7F500BAB95F /* Build configuration list for PBXNativeTarget "Шаги к цели!" */;
			buildPhases = (
				F4B5D2EA26B6F7F200BAB95F /* Sources */,
				F4B5D2EB26B6F7F200BAB95F /* Frameworks */,
				F4B5D2EC26B6F7F200BAB95F /* Resources */,
			);
			buildRules = (
			);
			dependencies = (
			);
			name = "Шаги к цели!";
			productName = "Шаги к цели!";
			productReference = F4B5D2EE26B6F7F200BAB95F /* Шаги к цели!.app */;
			productType = "com.apple.product-type.application";
		};
/* End PBXNativeTarget section */

/* Begin PBXProject section */
		F4B5D2E626B6F7F200BAB95F /* Project object */ = {
			isa = PBXProject;
			attributes = {
				LastSwiftUpdateCheck = 1250;
				LastUpgradeCheck = 1250;
				TargetAttributes = {
					F4B5D2ED26B6F7F200BAB95F = {
						CreatedOnToolsVersion = 12.5;
					};
				};
			};
			buildConfigurationList = F4B5D2E926B6F7F200BAB95F /* Build configuration list for PBXProject "Шаги к цели!" */;
			compatibilityVersion = "Xcode 9.3";
			developmentRegion = en;
			hasScannedForEncodings = 0;
			knownRegions = (
				en,
				Base,
			);
			mainGroup = F4B5D2E526B6F7F200BAB95F;
			productRefGroup = F4B5D2EF26B6F7F200BAB95F /* Products */;
			projectDirPath = "";
			projectRoot = "";
			targets = (
				F4B5D2ED26B6F7F200BAB95F /* Шаги к цели! */,
			);
		};
/* End PBXProject section */

/* Begin PBXResourcesBuildPhase section */
		F4B5D2EC26B6F7F200BAB95F /* Resources */ = {
			isa = PBXResourcesBuildPhase;
			buildActionMask = 2147483647;
			files = (
				F4B5D2FE26B6F7F500BAB95F /* LaunchScreen.storyboard in Resources */,
				F4B5D2FB26B6F7F500BAB95F /* Assets.xcassets in Resources */,
				F4B5D2F926B6F7F200BAB95F /* Main.storyboard in Resources */,
			);
			runOnlyForDeploymentPostprocessing = 0;
		};
/* End PBXResourcesBuildPhase section */

/* Begin PBXSourcesBuildPhase section */
		F4B5D2EA26B6F7F200BAB95F /* Sources */ = {
			isa = PBXSourcesBuildPhase;
			buildActionMask = 2147483647;
			files = (
				F4B5D2F626B6F7F200BAB95F /* ViewController.swift in Sources */,
				F4B5D2F226B6F7F200BAB95F /* AppDelegate.swift in Sources */,
				F4B5D2F426B6F7F200BAB95F /* SceneDelegate.swift in Sources */,
			);
			runOnlyForDeploymentPostprocessing = 0;
		};
/* End PBXSourcesBuildPhase section */

/* Begin PBXVariantGroup section */
		F4B5D2F726B6F7F200BAB95F /* Main.storyboard */ = {
			isa = PBXVariantGroup;
			children = (
				F4B5D2F826B6F7F200BAB95F /* Base */,
			);
			name = Main.storyboard;
			sourceTree = "<group>";
		};
		F4B5D2FC26B6F7F500BAB95F /* LaunchScreen.storyboard */ = {
			isa = PBXVariantGroup;
			children = (
				F4B5D2FD26B6F7F500BAB95F /* Base */,
			);
			name = LaunchScreen.storyboard;
			sourceTree = "<group>";
		};
/* End PBXVariantGroup section */

/* Begin XCBuildConfiguration section */
		F4B5D30026B6F7F500BAB95F /* Debug */ = {
			isa = XCBuildConfiguration;
			buildSettings = {
				ALWAYS_SEARCH_USER_PATHS = NO;
				CLANG_ANALYZER_NONNULL = YES;
				CLANG_ANALYZER_NUMBER_OBJECT_CONVERSION = YES_AGGRESSIVE;
				CLANG_CXX_LANGUAGE_STANDARD = "gnu++14";
				CLANG_CXX_LIBRARY = "libc++";
				CLANG_ENABLE_MODULES = YES;
				CLANG_ENABLE_OBJC_ARC = YES;
				CLANG_ENABLE_OBJC_WEAK = YES;
				CLANG_WARN_BLOCK_CAPTURE_AUTORELEASING = YES;
				CLANG_WARN_BOOL_CONVERSION = YES;
				CLANG_WARN_COMMA = YES;
				CLANG_WARN_CONSTANT_CONVERSION = YES;
				CLANG_WARN_DEPRECATED_OBJC_IMPLEMENTATIONS = YES;
				CLANG_WARN_DIRECT_OBJC_ISA_USAGE = YES_ERROR;
				CLANG_WARN_DOCUMENTATION_COMMENTS = YES;
				CLANG_WARN_EMPTY_BODY = YES;
				CLANG_WARN_ENUM_CONVERSION = YES;
				CLANG_WARN_INFINITE_RECURSION = YES;
				CLANG_WARN_INT_CONVERSION = YES;
				CLANG_WARN_NON_LITERAL_NULL_CONVERSION = YES;
				CLANG_WARN_OBJC_IMPLICIT_RETAIN_SELF = YES;
				CLANG_WARN_OBJC_LITERAL_CONVERSION = YES;
				CLANG_WARN_OBJC_ROOT_CLASS = YES_ERROR;
				CLANG_WARN_QUOTED_INCLUDE_IN_FRAMEWORK_HEADER = YES;
				CLANG_WARN_RANGE_LOOP_ANALYSIS = YES;
				CLANG_WARN_STRICT_PROTOTYPES = YES;
				CLANG_WARN_SUSPICIOUS_MOVE = YES;
				CLANG_WARN_UNGUARDED_AVAILABILITY = YES_AGGRESSIVE;
				CLANG_WARN_UNREACHABLE_CODE = YES;
				CLANG_WARN__DUPLICATE_METHOD_MATCH = YES;
				COPY_PHASE_STRIP = NO;
				DEBUG_INFORMATION_FORMAT = dwarf;
				ENABLE_STRICT_OBJC_MSGSEND = YES;
				ENABLE_TESTABILITY = YES;
				GCC_C_LANGUAGE_STANDARD = gnu11;
				GCC_DYNAMIC_NO_PIC = NO;
				GCC_NO_COMMON_BLOCKS = YES;
				GCC_OPTIMIZATION_LEVEL = 0;
				GCC_PREPROCESSOR_DEFINITIONS = (
					"DEBUG=1",
					"$(inherited)",
				);
				GCC_WARN_64_TO_32_BIT_CONVERSION = YES;
				GCC_WARN_ABOUT_RETURN_TYPE = YES_ERROR;
				GCC_WARN_UNDECLARED_SELECTOR = YES;
				GCC_WARN_UNINITIALIZED_AUTOS = YES_AGGRESSIVE;
				GCC_WARN_UNUSED_FUNCTION = YES;
				GCC_WARN_UNUSED_VARIABLE = YES;
				IPHONEOS_DEPLOYMENT_TARGET = 14.5;
				MTL_ENABLE_DEBUG_INFO = INCLUDE_SOURCE;
				MTL_FAST_MATH = YES;
				ONLY_ACTIVE_ARCH = YES;
				SDKROOT = iphoneos;
				SWIFT_ACTIVE_COMPILATION_CONDITIONS = DEBUG;
				SWIFT_OPTIMIZATION_LEVEL = "-Onone";
			};
			name = Debug;
		};
		F4B5D30126B6F7F500BAB95F /* Release */ = {
			isa = XCBuildConfiguration;
			buildSettings = {
				ALWAYS_SEARCH_USER_PATHS = NO;
				CLANG_ANALYZER_NONNULL = YES;
				CLANG_ANALYZER_NUMBER_OBJECT_CONVERSION = YES_AGGRESSIVE;
				CLANG_CXX_LANGUAGE_STANDARD = "gnu++14";
				CLANG_CXX_LIBRARY = "libc++";
				CLANG_ENABLE_MODULES = YES;
				CLANG_ENABLE_OBJC_ARC = YES;
				CLANG_ENABLE_OBJC_WEAK = YES;
				CLANG_WARN_BLOCK_CAPTURE_AUTORELEASING = YES;
				CLANG_WARN_BOOL_CONVERSION = YES;
				CLANG_WARN_COMMA = YES;
				CLANG_WARN_CONSTANT_CONVERSION = YES;
				CLANG_WARN_DEPRECATED_OBJC_IMPLEMENTATIONS = YES;
				CLANG_WARN_DIRECT_OBJC_ISA_USAGE = YES_ERROR;
				CLANG_WARN_DOCUMENTATION_COMMENTS = YES;
				CLANG_WARN_EMPTY_BODY = YES;
				CLANG_WARN_ENUM_CONVERSION = YES;
				CLANG_WARN_INFINITE_RECURSION = YES;
				CLANG_WARN_INT_CONVERSION = YES;
				CLANG_WARN_NON_LITERAL_NULL_CONVERSION = YES;
				CLANG_WARN_OBJC_IMPLICIT_RETAIN_SELF = YES;
				CLANG_WARN_OBJC_LITERAL_CONVERSION = YES;
				CLANG_WARN_OBJC_ROOT_CLASS = YES_ERROR;
				CLANG_WARN_QUOTED_INCLUDE_IN_FRAMEWORK_HEADER = YES;
				CLANG_WARN_RANGE_LOOP_ANALYSIS = YES;
				CLANG_WARN_STRICT_PROTOTYPES = YES;
				CLANG_WARN_SUSPICIOUS_MOVE = YES;
				CLANG_WARN_UNGUARDED_AVAILABILITY = YES_AGGRESSIVE;
				CLANG_WARN_UNREACHABLE_CODE = YES;
				CLANG_WARN__DUPLICATE_METHOD_MATCH = YES;
				COPY_PHASE_STRIP = NO;
				DEBUG_INFORMATION_FORMAT = "dwarf-with-dsym";
				ENABLE_NS_ASSERTIONS = NO;
				ENABLE_STRICT_OBJC_MSGSEND = YES;
				GCC_C_LANGUAGE_STANDARD = gnu11;
				GCC_NO_COMMON_BLOCKS = YES;
				GCC_WARN_64_TO_32_BIT_CONVERSION = YES;
				GCC_WARN_ABOUT_RETURN_TYPE = YES_ERROR;
				GCC_WARN_UNDECLARED_SELECTOR = YES;
				GCC_WARN_UNINITIALIZED_AUTOS = YES_AGGRESSIVE;
				GCC_WARN_UNUSED_FUNCTION = YES;
				GCC_WARN_UNUSED_VARIABLE = YES;
				IPHONEOS_DEPLOYMENT_TARGET = 14.5;
				MTL_ENABLE_DEBUG_INFO = NO;
				MTL_FAST_MATH = YES;
				SDKROOT = iphoneos;
				SWIFT_COMPILATION_MODE = wholemodule;
				SWIFT_OPTIMIZATION_LEVEL = "-O";
				VALIDATE_PRODUCT = YES;
			};
			name = Release;
		};
		F4B5D30326B6F7F500BAB95F /* Debug */ = {
			isa = XCBuildConfiguration;
			buildSettings = {
				ASSETCATALOG_COMPILER_APPICON_NAME = AppIcon;
				ASSETCATALOG_COMPILER_GLOBAL_ACCENT_COLOR_NAME = AccentColor;
				CODE_SIGN_STYLE = Automatic;
				DEVELOPMENT_TEAM = 7XLJ4BB85J;
				INFOPLIST_FILE = "Шаги к цели!/Support/Info.plist";
				LD_RUNPATH_SEARCH_PATHS = (
					"$(inherited)",
					"@executable_path/Frameworks",
				);
				PRODUCT_BUNDLE_IDENTIFIER = "S.K.A..------------";
				PRODUCT_NAME = "$(TARGET_NAME)";
				SWIFT_VERSION = 5.0;
				TARGETED_DEVICE_FAMILY = "1,2";
			};
			name = Debug;
		};
		F4B5D30426B6F7F500BAB95F /* Release */ = {
			isa = XCBuildConfiguration;
			buildSettings = {
				ASSETCATALOG_COMPILER_APPICON_NAME = AppIcon;
				ASSETCATALOG_COMPILER_GLOBAL_ACCENT_COLOR_NAME = AccentColor;
				CODE_SIGN_STYLE = Automatic;
				DEVELOPMENT_TEAM = 7XLJ4BB85J;
				INFOPLIST_FILE = "Шаги к цели!/Support/Info.plist";
				LD_RUNPATH_SEARCH_PATHS = (
					"$(inherited)",
					"@executable_path/Frameworks",
				);
				PRODUCT_BUNDLE_IDENTIFIER = "S.K.A..------------";
				PRODUCT_NAME = "$(TARGET_NAME)";
				SWIFT_VERSION = 5.0;
				TARGETED_DEVICE_FAMILY = "1,2";
			};
			name = Release;
		};
/* End XCBuildConfiguration section */

/* Begin XCConfigurationList section */
		F4B5D2E926B6F7F200BAB95F /* Build configuration list for PBXProject "Шаги к цели!" */ = {
			isa = XCConfigurationList;
			buildConfigurations = (
				F4B5D30026B6F7F500BAB95F /* Debug */,
				F4B5D30126B6F7F500BAB95F /* Release */,
			);
			defaultConfigurationIsVisible = 0;
			defaultConfigurationName = Release;
		};
		F4B5D30226B6F7F500BAB95F /* Build configuration list for PBXNativeTarget "Шаги к цели!" */ = {
			isa = XCConfigurationList;
			buildConfigurations = (
				F4B5D30326B6F7F500BAB95F /* Debug */,
				F4B5D30426B6F7F500BAB95F /* Release */,
			);
			defaultConfigurationIsVisible = 0;
			defaultConfigurationName = Release;
		};
/* End XCConfigurationList section */
	};
	rootObject = F4B5D2E626B6F7F200BAB95F /* Project object */;
}
